
Microsoft Visual Studio Solution File, Format Version 12.00
# Visual Studio Version 17
VisualStudioVersion = 17.13.35825.156 d17.13
MinimumVisualStudioVersion = 10.0.40219.1
Project("{FAE04EC0-301F-11D3-BF4B-00C04F79EFBC}") = "SpongPopBakery", "SpongPopBakery\SpongPopBakery.csproj", "{5E916F74-26BE-4F8A-B301-1B2D5929C65D}"
EndProject
Global
	GlobalSection(SolutionConfigurationPlatforms) = preSolution
		Debug|Any CPU = Debug|Any CPU
		Release|Any CPU = Release|Any CPU
	EndGlobalSection
	GlobalSection(ProjectConfigurationPlatforms) = postSolution
		{5E916F74-26BE-4F8A-B301-1B2D5929C65D}.Debug|Any CPU.ActiveCfg = Debug|Any CPU
		{5E916F74-26BE-4F8A-B301-1B2D5929C65D}.Debug|Any CPU.Build.0 = Debug|Any CPU
		{5E916F74-26BE-4F8A-B301-1B2D5929C65D}.Release|Any CPU.ActiveCfg = Release|Any CPU
		{5E916F74-26BE-4F8A-B301-1B2D5929C65D}.Release|Any CPU.Build.0 = Release|Any CPU
	EndGlobalSection
	GlobalSection(SolutionProperties) = preSolution
		HideSolutionNode = FALSE
	EndGlobalSection
	GlobalSection(ExtensibilityGlobals) = postSolution
		SolutionGuid = {756C0D32-429E-485E-9C7C-194D64CC7BFE}
	EndGlobalSection
EndGlobal
